
Microsoft Visual Studio Solution File, Format Version 12.00
# Visual Studio Version 16
VisualStudioVersion = 16.0.30204.135
MinimumVisualStudioVersion = 10.0.40219.1
Project("{8BC9CEB8-8B4A-11D0-8D11-00A0C91BC942}") = "ServerVS", "ServerVS.vcxproj", "{22AC0F69-49F1-4520-BD47-3BEE2632E1E1}"
EndProject
Global
	GlobalSection(SolutionConfigurationPlatforms) = preSolution
		Debug|x64 = Debug|x64
		Debug|x86 = Debug|x86
		Release|x64 = Release|x64
		Release|x86 = Release|x86
	EndGlobalSection
	GlobalSection(ProjectConfigurationPlatforms) = postSolution
		{22AC0F69-49F1-4520-BD47-3BEE2632E1E1}.Debug|x64.ActiveCfg = Debug|x64
		{22AC0F69-49F1-4520-BD47-3BEE2632E1E1}.Debug|x64.Build.0 = Debug|x64
		{22AC0F69-49F1-4520-BD47-3BEE2632E1E1}.Debug|x86.ActiveCfg = Debug|Win32
		{22AC0F69-49F1-4520-BD47-3BEE2632E1E1}.Debug|x86.Build.0 = Debug|Win32
		{22AC0F69-49F1-4520-BD47-3BEE2632E1E1}.Release|x64.ActiveCfg = Release|x64
		{22AC0F69-49F1-4520-BD47-3BEE2632E1E1}.Release|x64.Build.0 = Release|x64
		{22AC0F69-49F1-4520-BD47-3BEE2632E1E1}.Release|x86.ActiveCfg = Release|Win32
		{22AC0F69-49F1-4520-BD47-3BEE2632E1E1}.Release|x86.Build.0 = Release|Win32
	EndGlobalSection
	GlobalSection(SolutionProperties) = preSolution
		HideSolutionNode = FALSE
	EndGlobalSection
	GlobalSection(ExtensibilityGlobals) = postSolution
		SolutionGuid = {D2043E47-DFA6-419F-9AA7-A9631A0E835E}
	EndGlobalSection
EndGlobal
